PODS:
  - AlertMaker (0.1.0):
    - Masonry
  - Masonry (1.1.0)

DEPENDENCIES:
  - AlertMaker (from `../`)

SPEC REPOS:
  trunk:
    - Masonry

EXTERNAL SOURCES:
  AlertMaker:
    :path: "../"

SPEC CHECKSUMS:
  AlertMaker: b9f02ba693c625820510a36aea88e2ca6e90f498
  Masonry: 678fab65091a9290e40e2832a55e7ab731aad201

PODFILE CHECKSUM: 96a9cd1c8b9d890a177bccf2aeb784b93cc0ab71

COCOAPODS: 1.10.1
